PODS:
  - Alamofire (4.7.0)
  - SDWebImage (4.3.2):
    - SDWebImage/Core (= 4.3.2)
  - SDWebImage/Core (4.3.2)

DEPENDENCIES:
  - Alamofire (~> 4.7)
  - SDWebImage (~> 4.0)

SPEC CHECKSUMS:
  Alamofire: 907e0a98eb68cdb7f9d1f541a563d6ac5dc77b25
  SDWebImage: 29bd3c0bc1f01e5eb59720847c64ad4c4ca1af5d

PODFILE CHECKSUM: 79d9b09926c11df73fbc321d0e7d0865aa8a8a9a

COCOAPODS: 1.4.0
